
Microsoft Visual Studio Solution File, Format Version 12.00
# Visual Studio Version 17
VisualStudioVersion = 17.7.34031.279
MinimumVisualStudioVersion = 10.0.40219.1
Project("{FAE04EC0-301F-11D3-BF4B-00C04F79EFBC}") = "OpenSeesUtility", "OpenSeesUtility\OpenSeesUtility.csproj", "{E79DA210-412F-4AC9-806B-F9EC07DC9A9E}"
EndProject
Project("{2150E333-8FDC-42A3-9474-1A3956D46DE8}") = "ソリューション項目", "ソリューション項目", "{71B54433-A87D-45D3-A5FB-FF500AF33EE0}"
	ProjectSection(SolutionItems) = preProject
		.gitignore = .gitignore
	EndProjectSection
EndProject
Global
	GlobalSection(SolutionConfigurationPlatforms) = preSolution
		Debug|Any CPU = Debug|Any CPU
		Release|Any CPU = Release|Any CPU
	EndGlobalSection
	GlobalSection(ProjectConfigurationPlatforms) = postSolution
		{E79DA210-412F-4AC9-806B-F9EC07DC9A9E}.Debug|Any CPU.ActiveCfg = Debug|Any CPU
		{E79DA210-412F-4AC9-806B-F9EC07DC9A9E}.Debug|Any CPU.Build.0 = Debug|Any CPU
		{E79DA210-412F-4AC9-806B-F9EC07DC9A9E}.Release|Any CPU.ActiveCfg = Release|Any CPU
		{E79DA210-412F-4AC9-806B-F9EC07DC9A9E}.Release|Any CPU.Build.0 = Release|Any CPU
	EndGlobalSection
	GlobalSection(SolutionProperties) = preSolution
		HideSolutionNode = FALSE
	EndGlobalSection
	GlobalSection(ExtensibilityGlobals) = postSolution
		SolutionGuid = {2F13BEBB-B377-45B1-B39D-6FC68456BC0D}
	EndGlobalSection
EndGlobal
