
Microsoft Visual Studio Solution File, Format Version 12.00
# Visual Studio Version 16
VisualStudioVersion = 16.0.29613.14
MinimumVisualStudioVersion = 10.0.40219.1
Project("{FAE04EC0-301F-11D3-BF4B-00C04F79EFBC}") = "OpenSeesUtility", "OpenSeesUtility\OpenSeesUtility.csproj", "{E79DA210-412F-4AC9-806B-F9EC07DC9A9E}"
EndProject
Global
	GlobalSection(SolutionConfigurationPlatforms) = preSolution
		Debug|Any CPU = Debug|Any CPU
		Release|Any CPU = Release|Any CPU
	EndGlobalSection
	GlobalSection(ProjectConfigurationPlatforms) = postSolution
		{E79DA210-412F-4AC9-806B-F9EC07DC9A9E}.Debug|Any CPU.ActiveCfg = Debug|Any CPU
		{E79DA210-412F-4AC9-806B-F9EC07DC9A9E}.Debug|Any CPU.Build.0 = Debug|Any CPU
		{E79DA210-412F-4AC9-806B-F9EC07DC9A9E}.Release|Any CPU.ActiveCfg = Release|Any CPU
		{E79DA210-412F-4AC9-806B-F9EC07DC9A9E}.Release|Any CPU.Build.0 = Release|Any CPU
	EndGlobalSection
	GlobalSection(SolutionProperties) = preSolution
		HideSolutionNode = FALSE
	EndGlobalSection
	GlobalSection(ExtensibilityGlobals) = postSolution
		SolutionGuid = {2F13BEBB-B377-45B1-B39D-6FC68456BC0D}
	EndGlobalSection
EndGlobal
